
Microsoft Visual Studio Solution File, Format Version 12.00
# Visual Studio 14
VisualStudioVersion = 14.0.25420.1
MinimumVisualStudioVersion = 10.0.40219.1
Project("{FAE04EC0-301F-11D3-BF4B-00C04F79EFBC}") = "EMAT3.0-GetExchangePermissions", "EMAT3.0-GetExchangePermissions\EMAT3.0-GetExchangePermissions.csproj", "{6B130C25-9635-4145-BEB2-5F5D4B67021F}"
EndProject
Global
	GlobalSection(SolutionConfigurationPlatforms) = preSolution
		Debug|Any CPU = Debug|Any CPU
		Release|Any CPU = Release|Any CPU
	EndGlobalSection
	GlobalSection(ProjectConfigurationPlatforms) = postSolution
		{6B130C25-9635-4145-BEB2-5F5D4B67021F}.Debug|Any CPU.ActiveCfg = Debug|Any CPU
		{6B130C25-9635-4145-BEB2-5F5D4B67021F}.Debug|Any CPU.Build.0 = Debug|Any CPU
		{6B130C25-9635-4145-BEB2-5F5D4B67021F}.Release|Any CPU.ActiveCfg = Release|Any CPU
		{6B130C25-9635-4145-BEB2-5F5D4B67021F}.Release|Any CPU.Build.0 = Release|Any CPU
	EndGlobalSection
	GlobalSection(SolutionProperties) = preSolution
		HideSolutionNode = FALSE
	EndGlobalSection
	GlobalSection(TeamFoundationVersionControl) = preSolution
		SccNumberOfProjects = 2
		SccEnterpriseProvider = {4CA58AB2-18FA-4F8D-95D4-32DDF27D184C}
		SccTeamFoundationServer = https://vincenzosciarra.visualstudio.com/
		SccLocalPath0 = .
		SccProjectUniqueName1 = EMAT3.0-GetExchangePermissions\\EMAT3.0-GetExchangePermissions.csproj
		SccProjectName1 = EMAT3.0-GetExchangePermissions
		SccLocalPath1 = EMAT3.0-GetExchangePermissions
	EndGlobalSection
EndGlobal
